
Microsoft Visual Studio Solution File, Format Version 12.00
# Visual Studio 15
Project("{FAE04EC0-301F-11D3-BF4B-00C04F79EFBC}") = "UnityEngine.UI", "UnityEngine.UI.csproj", "{827BE48F-80BE-59BA-73AE-22886A3AC32B}"
EndProject
Project("{FAE04EC0-301F-11D3-BF4B-00C04F79EFBC}") = "UnityEngine.TestRunner", "UnityEngine.TestRunner.csproj", "{BBA3D525-3EC1-37CC-599F-2521DA57D5BC}"
EndProject
Project("{FAE04EC0-301F-11D3-BF4B-00C04F79EFBC}") = "Assembly-CSharp", "Assembly-CSharp.csproj", "{BF1518D6-4009-134E-87A4-18755B092383}"
EndProject
Project("{FAE04EC0-301F-11D3-BF4B-00C04F79EFBC}") = "Unity.Timeline", "Unity.Timeline.csproj", "{8CAC3719-838D-F048-DB40-ABD06D5A27C1}"
EndProject
Project("{FAE04EC0-301F-11D3-BF4B-00C04F79EFBC}") = "Cinemachine", "Cinemachine.csproj", "{110D0F03-B8F0-8638-AC94-4808B45D4E94}"
EndProject
Project("{FAE04EC0-301F-11D3-BF4B-00C04F79EFBC}") = "Unity.TextMeshPro", "Unity.TextMeshPro.csproj", "{5653F224-5F8F-791B-7E98-347C2CC484B8}"
EndProject
Project("{FAE04EC0-301F-11D3-BF4B-00C04F79EFBC}") = "UnityEditor.TestRunner", "UnityEditor.TestRunner.csproj", "{6F7D1711-001A-B3E8-79C7-7A7EA92A9CEE}"
EndProject
Project("{FAE04EC0-301F-11D3-BF4B-00C04F79EFBC}") = "Unity.PlasticSCM.Editor", "Unity.PlasticSCM.Editor.csproj", "{6E1139F2-3C4A-E58D-C020-2950125925B9}"
EndProject
Project("{FAE04EC0-301F-11D3-BF4B-00C04F79EFBC}") = "UnityEditor.UI", "UnityEditor.UI.csproj", "{FD24EAA2-3E9D-4E7B-8FAF-5699A63C3C68}"
EndProject
Project("{FAE04EC0-301F-11D3-BF4B-00C04F79EFBC}") = "Unity.Timeline.Editor", "Unity.Timeline.Editor.csproj", "{CC52FFAC-3265-C644-3E4F-C76C585B7C7F}"
EndProject
Project("{FAE04EC0-301F-11D3-BF4B-00C04F79EFBC}") = "Unity.VisualStudio.Editor", "Unity.VisualStudio.Editor.csproj", "{CA4980B8-4D1F-B951-1B39-AB39E0B0A07E}"
EndProject
Project("{FAE04EC0-301F-11D3-BF4B-00C04F79EFBC}") = "com.unity.cinemachine.editor", "com.unity.cinemachine.editor.csproj", "{B66E3249-BDBA-9692-9520-0F2E4F60067A}"
EndProject
Project("{FAE04EC0-301F-11D3-BF4B-00C04F79EFBC}") = "Unity.TextMeshPro.Editor", "Unity.TextMeshPro.Editor.csproj", "{2B0437D1-6C91-4686-444D-31C0BF1144BF}"
EndProject
Project("{FAE04EC0-301F-11D3-BF4B-00C04F79EFBC}") = "Unity.CollabProxy.Editor", "Unity.CollabProxy.Editor.csproj", "{209F2E22-3D0B-C9B4-9B36-77A5ED89E72D}"
EndProject
Project("{FAE04EC0-301F-11D3-BF4B-00C04F79EFBC}") = "Unity.Rider.Editor", "Unity.Rider.Editor.csproj", "{BC7D03ED-F206-BF54-71AB-E3769F3352CD}"
EndProject
Project("{FAE04EC0-301F-11D3-BF4B-00C04F79EFBC}") = "Unity.VSCode.Editor", "Unity.VSCode.Editor.csproj", "{0C0B68F9-2D60-326D-CFC2-7A9FDE0155AD}"
EndProject
Project("{FAE04EC0-301F-11D3-BF4B-00C04F79EFBC}") = "UnityEngine.UI", "UnityEngine.UI.Player.csproj", "{A7486FFD-4D1C-918E-3C6C-0F38DDAC6BFE}"
EndProject
Project("{FAE04EC0-301F-11D3-BF4B-00C04F79EFBC}") = "UnityEngine.TestRunner", "UnityEngine.TestRunner.Player.csproj", "{1F816070-A1E9-92A2-9582-2B7BF6E7A13A}"
EndProject
Project("{FAE04EC0-301F-11D3-BF4B-00C04F79EFBC}") = "Assembly-CSharp", "Assembly-CSharp.Player.csproj", "{A4F0EF4F-351F-B058-392D-75E1C2061E5E}"
EndProject
Project("{FAE04EC0-301F-11D3-BF4B-00C04F79EFBC}") = "Unity.Timeline", "Unity.Timeline.Player.csproj", "{112AEC49-B793-8EA8-0A58-1B110D320E7F}"
EndProject
Project("{FAE04EC0-301F-11D3-BF4B-00C04F79EFBC}") = "Cinemachine", "Cinemachine.Player.csproj", "{04C2D4F3-78D2-6668-A20E-086BF0228047}"
EndProject
Project("{FAE04EC0-301F-11D3-BF4B-00C04F79EFBC}") = "Unity.TextMeshPro", "Unity.TextMeshPro.Player.csproj", "{9F1C947F-EED4-1D41-5A9E-2A98CAB9EBC6}"
EndProject
Global
	GlobalSection(SolutionConfigurationPlatforms) = preSolution
		Debug|Any CPU = Debug|Any CPU
		Release|Any CPU = Release|Any CPU
	EndGlobalSection
	GlobalSection(ProjectConfigurationPlatforms) = postSolution
		{827BE48F-80BE-59BA-73AE-22886A3AC32B}.Debug|Any CPU.ActiveCfg = Debug|Any CPU
		{827BE48F-80BE-59BA-73AE-22886A3AC32B}.Debug|Any CPU.Build.0 = Debug|Any CPU
		{827BE48F-80BE-59BA-73AE-22886A3AC32B}.Release|Any CPU.ActiveCfg = Release|Any CPU
		{827BE48F-80BE-59BA-73AE-22886A3AC32B}.Release|Any CPU.Build.0 = Release|Any CPU
		{BBA3D525-3EC1-37CC-599F-2521DA57D5BC}.Debug|Any CPU.ActiveCfg = Debug|Any CPU
		{BBA3D525-3EC1-37CC-599F-2521DA57D5BC}.Debug|Any CPU.Build.0 = Debug|Any CPU
		{BBA3D525-3EC1-37CC-599F-2521DA57D5BC}.Release|Any CPU.ActiveCfg = Release|Any CPU
		{BBA3D525-3EC1-37CC-599F-2521DA57D5BC}.Release|Any CPU.Build.0 = Release|Any CPU
		{BF1518D6-4009-134E-87A4-18755B092383}.Debug|Any CPU.ActiveCfg = Debug|Any CPU
		{BF1518D6-4009-134E-87A4-18755B092383}.Debug|Any CPU.Build.0 = Debug|Any CPU
		{BF1518D6-4009-134E-87A4-18755B092383}.Release|Any CPU.ActiveCfg = Release|Any CPU
		{BF1518D6-4009-134E-87A4-18755B092383}.Release|Any CPU.Build.0 = Release|Any CPU
		{8CAC3719-838D-F048-DB40-ABD06D5A27C1}.Debug|Any CPU.ActiveCfg = Debug|Any CPU
		{8CAC3719-838D-F048-DB40-ABD06D5A27C1}.Debug|Any CPU.Build.0 = Debug|Any CPU
		{8CAC3719-838D-F048-DB40-ABD06D5A27C1}.Release|Any CPU.ActiveCfg = Release|Any CPU
		{8CAC3719-838D-F048-DB40-ABD06D5A27C1}.Release|Any CPU.Build.0 = Release|Any CPU
		{110D0F03-B8F0-8638-AC94-4808B45D4E94}.Debug|Any CPU.ActiveCfg = Debug|Any CPU
		{110D0F03-B8F0-8638-AC94-4808B45D4E94}.Debug|Any CPU.Build.0 = Debug|Any CPU
		{110D0F03-B8F0-8638-AC94-4808B45D4E94}.Release|Any CPU.ActiveCfg = Release|Any CPU
		{110D0F03-B8F0-8638-AC94-4808B45D4E94}.Release|Any CPU.Build.0 = Release|Any CPU
		{5653F224-5F8F-791B-7E98-347C2CC484B8}.Debug|Any CPU.ActiveCfg = Debug|Any CPU
		{5653F224-5F8F-791B-7E98-347C2CC484B8}.Debug|Any CPU.Build.0 = Debug|Any CPU
		{5653F224-5F8F-791B-7E98-347C2CC484B8}.Release|Any CPU.ActiveCfg = Release|Any CPU
		{5653F224-5F8F-791B-7E98-347C2CC484B8}.Release|Any CPU.Build.0 = Release|Any CPU
		{6F7D1711-001A-B3E8-79C7-7A7EA92A9CEE}.Debug|Any CPU.ActiveCfg = Debug|Any CPU
		{6F7D1711-001A-B3E8-79C7-7A7EA92A9CEE}.Debug|Any CPU.Build.0 = Debug|Any CPU
		{6F7D1711-001A-B3E8-79C7-7A7EA92A9CEE}.Release|Any CPU.ActiveCfg = Release|Any CPU
		{6F7D1711-001A-B3E8-79C7-7A7EA92A9CEE}.Release|Any CPU.Build.0 = Release|Any CPU
		{6E1139F2-3C4A-E58D-C020-2950125925B9}.Debug|Any CPU.ActiveCfg = Debug|Any CPU
		{6E1139F2-3C4A-E58D-C020-2950125925B9}.Debug|Any CPU.Build.0 = Debug|Any CPU
		{6E1139F2-3C4A-E58D-C020-2950125925B9}.Release|Any CPU.ActiveCfg = Release|Any CPU
		{6E1139F2-3C4A-E58D-C020-2950125925B9}.Release|Any CPU.Build.0 = Release|Any CPU
		{FD24EAA2-3E9D-4E7B-8FAF-5699A63C3C68}.Debug|Any CPU.ActiveCfg = Debug|Any CPU
		{FD24EAA2-3E9D-4E7B-8FAF-5699A63C3C68}.Debug|Any CPU.Build.0 = Debug|Any CPU
		{FD24EAA2-3E9D-4E7B-8FAF-5699A63C3C68}.Release|Any CPU.ActiveCfg = Release|Any CPU
		{FD24EAA2-3E9D-4E7B-8FAF-5699A63C3C68}.Release|Any CPU.Build.0 = Release|Any CPU
		{CC52FFAC-3265-C644-3E4F-C76C585B7C7F}.Debug|Any CPU.ActiveCfg = Debug|Any CPU
		{CC52FFAC-3265-C644-3E4F-C76C585B7C7F}.Debug|Any CPU.Build.0 = Debug|Any CPU
		{CC52FFAC-3265-C644-3E4F-C76C585B7C7F}.Release|Any CPU.ActiveCfg = Release|Any CPU
		{CC52FFAC-3265-C644-3E4F-C76C585B7C7F}.Release|Any CPU.Build.0 = Release|Any CPU
		{CA4980B8-4D1F-B951-1B39-AB39E0B0A07E}.Debug|Any CPU.ActiveCfg = Debug|Any CPU
		{CA4980B8-4D1F-B951-1B39-AB39E0B0A07E}.Debug|Any CPU.Build.0 = Debug|Any CPU
		{CA4980B8-4D1F-B951-1B39-AB39E0B0A07E}.Release|Any CPU.ActiveCfg = Release|Any CPU
		{CA4980B8-4D1F-B951-1B39-AB39E0B0A07E}.Release|Any CPU.Build.0 = Release|Any CPU
		{B66E3249-BDBA-9692-9520-0F2E4F60067A}.Debug|Any CPU.ActiveCfg = Debug|Any CPU
		{B66E3249-BDBA-9692-9520-0F2E4F60067A}.Debug|Any CPU.Build.0 = Debug|Any CPU
		{B66E3249-BDBA-9692-9520-0F2E4F60067A}.Release|Any CPU.ActiveCfg = Release|Any CPU
		{B66E3249-BDBA-9692-9520-0F2E4F60067A}.Release|Any CPU.Build.0 = Release|Any CPU
		{2B0437D1-6C91-4686-444D-31C0BF1144BF}.Debug|Any CPU.ActiveCfg = Debug|Any CPU
		{2B0437D1-6C91-4686-444D-31C0BF1144BF}.Debug|Any CPU.Build.0 = Debug|Any CPU
		{2B0437D1-6C91-4686-444D-31C0BF1144BF}.Release|Any CPU.ActiveCfg = Release|Any CPU
		{2B0437D1-6C91-4686-444D-31C0BF1144BF}.Release|Any CPU.Build.0 = Release|Any CPU
		{209F2E22-3D0B-C9B4-9B36-77A5ED89E72D}.Debug|Any CPU.ActiveCfg = Debug|Any CPU
		{209F2E22-3D0B-C9B4-9B36-77A5ED89E72D}.Debug|Any CPU.Build.0 = Debug|Any CPU
		{209F2E22-3D0B-C9B4-9B36-77A5ED89E72D}.Release|Any CPU.ActiveCfg = Release|Any CPU
		{209F2E22-3D0B-C9B4-9B36-77A5ED89E72D}.Release|Any CPU.Build.0 = Release|Any CPU
		{BC7D03ED-F206-BF54-71AB-E3769F3352CD}.Debug|Any CPU.ActiveCfg = Debug|Any CPU
		{BC7D03ED-F206-BF54-71AB-E3769F3352CD}.Debug|Any CPU.Build.0 = Debug|Any CPU
		{BC7D03ED-F206-BF54-71AB-E3769F3352CD}.Release|Any CPU.ActiveCfg = Release|Any CPU
		{BC7D03ED-F206-BF54-71AB-E3769F3352CD}.Release|Any CPU.Build.0 = Release|Any CPU
		{0C0B68F9-2D60-326D-CFC2-7A9FDE0155AD}.Debug|Any CPU.ActiveCfg = Debug|Any CPU
		{0C0B68F9-2D60-326D-CFC2-7A9FDE0155AD}.Debug|Any CPU.Build.0 = Debug|Any CPU
		{0C0B68F9-2D60-326D-CFC2-7A9FDE0155AD}.Release|Any CPU.ActiveCfg = Release|Any CPU
		{0C0B68F9-2D60-326D-CFC2-7A9FDE0155AD}.Release|Any CPU.Build.0 = Release|Any CPU
		{A7486FFD-4D1C-918E-3C6C-0F38DDAC6BFE}.Debug|Any CPU.ActiveCfg = Debug|Any CPU
		{A7486FFD-4D1C-918E-3C6C-0F38DDAC6BFE}.Debug|Any CPU.Build.0 = Debug|Any CPU
		{A7486FFD-4D1C-918E-3C6C-0F38DDAC6BFE}.Release|Any CPU.ActiveCfg = Release|Any CPU
		{A7486FFD-4D1C-918E-3C6C-0F38DDAC6BFE}.Release|Any CPU.Build.0 = Release|Any CPU
		{1F816070-A1E9-92A2-9582-2B7BF6E7A13A}.Debug|Any CPU.ActiveCfg = Debug|Any CPU
		{1F816070-A1E9-92A2-9582-2B7BF6E7A13A}.Debug|Any CPU.Build.0 = Debug|Any CPU
		{1F816070-A1E9-92A2-9582-2B7BF6E7A13A}.Release|Any CPU.ActiveCfg = Release|Any CPU
		{1F816070-A1E9-92A2-9582-2B7BF6E7A13A}.Release|Any CPU.Build.0 = Release|Any CPU
		{A4F0EF4F-351F-B058-392D-75E1C2061E5E}.Debug|Any CPU.ActiveCfg = Debug|Any CPU
		{A4F0EF4F-351F-B058-392D-75E1C2061E5E}.Debug|Any CPU.Build.0 = Debug|Any CPU
		{A4F0EF4F-351F-B058-392D-75E1C2061E5E}.Release|Any CPU.ActiveCfg = Release|Any CPU
		{A4F0EF4F-351F-B058-392D-75E1C2061E5E}.Release|Any CPU.Build.0 = Release|Any CPU
		{112AEC49-B793-8EA8-0A58-1B110D320E7F}.Debug|Any CPU.ActiveCfg = Debug|Any CPU
		{112AEC49-B793-8EA8-0A58-1B110D320E7F}.Debug|Any CPU.Build.0 = Debug|Any CPU
		{112AEC49-B793-8EA8-0A58-1B110D320E7F}.Release|Any CPU.ActiveCfg = Release|Any CPU
		{112AEC49-B793-8EA8-0A58-1B110D320E7F}.Release|Any CPU.Build.0 = Release|Any CPU
		{04C2D4F3-78D2-6668-A20E-086BF0228047}.Debug|Any CPU.ActiveCfg = Debug|Any CPU
		{04C2D4F3-78D2-6668-A20E-086BF0228047}.Debug|Any CPU.Build.0 = Debug|Any CPU
		{04C2D4F3-78D2-6668-A20E-086BF0228047}.Release|Any CPU.ActiveCfg = Release|Any CPU
		{04C2D4F3-78D2-6668-A20E-086BF0228047}.Release|Any CPU.Build.0 = Release|Any CPU
		{9F1C947F-EED4-1D41-5A9E-2A98CAB9EBC6}.Debug|Any CPU.ActiveCfg = Debug|Any CPU
		{9F1C947F-EED4-1D41-5A9E-2A98CAB9EBC6}.Debug|Any CPU.Build.0 = Debug|Any CPU
		{9F1C947F-EED4-1D41-5A9E-2A98CAB9EBC6}.Release|Any CPU.ActiveCfg = Release|Any CPU
		{9F1C947F-EED4-1D41-5A9E-2A98CAB9EBC6}.Release|Any CPU.Build.0 = Release|Any CPU
	EndGlobalSection
	GlobalSection(SolutionProperties) = preSolution
		HideSolutionNode = FALSE
	EndGlobalSection
EndGlobal
